
Microsoft Visual Studio Solution File, Format Version 12.00
# Visual Studio Version 17
VisualStudioVersion = 17.2.32616.157
MinimumVisualStudioVersion = 10.0.40219.1
Project("{9A19103F-16F7-4668-BE54-9A1E7A4F7556}") = "Website", "TECH\Website.csproj", "{EFC82C1F-70E4-4287-9F22-F6CB06C00784}"
EndProject
Global
	GlobalSection(SolutionConfigurationPlatforms) = preSolution
		Debug|Any CPU = Debug|Any CPU
		Release|Any CPU = Release|Any CPU
	EndGlobalSection
	GlobalSection(ProjectConfigurationPlatforms) = postSolution
		{EFC82C1F-70E4-4287-9F22-F6CB06C00784}.Debug|Any CPU.ActiveCfg = Debug|Any CPU
		{EFC82C1F-70E4-4287-9F22-F6CB06C00784}.Debug|Any CPU.Build.0 = Debug|Any CPU
		{EFC82C1F-70E4-4287-9F22-F6CB06C00784}.Release|Any CPU.ActiveCfg = Release|Any CPU
		{EFC82C1F-70E4-4287-9F22-F6CB06C00784}.Release|Any CPU.Build.0 = Release|Any CPU
	EndGlobalSection
	GlobalSection(SolutionProperties) = preSolution
		HideSolutionNode = FALSE
	EndGlobalSection
	GlobalSection(ExtensibilityGlobals) = postSolution
		SolutionGuid = {4CB3E672-C9C3-4C0F-B8BA-C01C20DC6901}
	EndGlobalSection
EndGlobal
